
Microsoft Visual Studio Solution File, Format Version 12.00
# Visual Studio Version 17
VisualStudioVersion = 17.6.33927.249
MinimumVisualStudioVersion = 10.0.40219.1
Project("{FAE04EC0-301F-11D3-BF4B-00C04F79EFBC}") = "ApiGateway", "ApiGateway.csproj", "{13FAC345-9FE1-4F88-9D6F-0E78EE2C9308}"
EndProject
Global
	GlobalSection(SolutionConfigurationPlatforms) = preSolution
		Debug|Any CPU = Debug|Any CPU
		Release|Any CPU = Release|Any CPU
	EndGlobalSection
	GlobalSection(ProjectConfigurationPlatforms) = postSolution
		{13FAC345-9FE1-4F88-9D6F-0E78EE2C9308}.Debug|Any CPU.ActiveCfg = Debug|Any CPU
		{13FAC345-9FE1-4F88-9D6F-0E78EE2C9308}.Debug|Any CPU.Build.0 = Debug|Any CPU
		{13FAC345-9FE1-4F88-9D6F-0E78EE2C9308}.Release|Any CPU.ActiveCfg = Release|Any CPU
		{13FAC345-9FE1-4F88-9D6F-0E78EE2C9308}.Release|Any CPU.Build.0 = Release|Any CPU
	EndGlobalSection
	GlobalSection(SolutionProperties) = preSolution
		HideSolutionNode = FALSE
	EndGlobalSection
	GlobalSection(ExtensibilityGlobals) = postSolution
		SolutionGuid = {FBC89C7E-7626-48DA-B73E-D05BBAFA68EA}
	EndGlobalSection
EndGlobal
